
Microsoft Visual Studio Solution File, Format Version 12.00
# Visual Studio Version 16
VisualStudioVersion = 16.0.30523.141
MinimumVisualStudioVersion = 10.0.40219.1
Project("{8BC9CEB8-8B4A-11D0-8D11-00A0C91BC942}") = "softcam_installer", "softcam_installer_vs2019.vcxproj", "{93A84B31-722E-4346-B455-79E915E21B7A}"
EndProject
Global
	GlobalSection(SolutionConfigurationPlatforms) = preSolution
		Debug|Win32 = Debug|Win32
		Debug|x64 = Debug|x64
		Release|Win32 = Release|Win32
		Release|x64 = Release|x64
	EndGlobalSection
	GlobalSection(ProjectConfigurationPlatforms) = postSolution
		{93A84B31-722E-4346-B455-79E915E21B7A}.Debug|Win32.ActiveCfg = Debug|Win32
		{93A84B31-722E-4346-B455-79E915E21B7A}.Debug|Win32.Build.0 = Debug|Win32
		{93A84B31-722E-4346-B455-79E915E21B7A}.Debug|x64.ActiveCfg = Debug|x64
		{93A84B31-722E-4346-B455-79E915E21B7A}.Debug|x64.Build.0 = Debug|x64
		{93A84B31-722E-4346-B455-79E915E21B7A}.Release|Win32.ActiveCfg = Release|Win32
		{93A84B31-722E-4346-B455-79E915E21B7A}.Release|Win32.Build.0 = Release|Win32
		{93A84B31-722E-4346-B455-79E915E21B7A}.Release|x64.ActiveCfg = Release|x64
		{93A84B31-722E-4346-B455-79E915E21B7A}.Release|x64.Build.0 = Release|x64
	EndGlobalSection
	GlobalSection(SolutionProperties) = preSolution
		HideSolutionNode = FALSE
	EndGlobalSection
	GlobalSection(ExtensibilityGlobals) = postSolution
		SolutionGuid = {41622781-2BBF-4110-BAE9-81622A97CFBF}
	EndGlobalSection
EndGlobal
